
Microsoft Visual Studio Solution File, Format Version 12.00
# Visual Studio Version 16
VisualStudioVersion = 16.0.31702.278
MinimumVisualStudioVersion = 10.0.40219.1
Project("{8BC9CEB8-8B4A-11D0-8D11-00A0C91BC942}") = "P1_original", "P1_original\P1_original.vcxproj", "{D6EBF528-0B8C-42AE-857C-A60D92AA5888}"
EndProject
Project("{8BC9CEB8-8B4A-11D0-8D11-00A0C91BC942}") = "P1_logic_error", "P1_logic_error\P1_logic_error.vcxproj", "{6B35338E-C49E-4BE8-9118-CE2A614B7019}"
EndProject
Project("{8BC9CEB8-8B4A-11D0-8D11-00A0C91BC942}") = "P1_compile_error", "P1_compile_error\P1_compile_error.vcxproj", "{3E214310-4E7F-4756-970E-DA0C427AD943}"
EndProject
Project("{8BC9CEB8-8B4A-11D0-8D11-00A0C91BC942}") = "P2_RentalReckoning", "P2_RentalReckoning\P2_RentalReckoning.vcxproj", "{36AB2C3D-E9BF-4FEC-AE59-B8031EC40AFE}"
EndProject
Project("{8BC9CEB8-8B4A-11D0-8D11-00A0C91BC942}") = "ScriptTest", "ScriptTest\ScriptTest.vcxproj", "{FCE686A8-008D-403B-A5FD-CE9B28EADEC6}"
EndProject
Project("{8BC9CEB8-8B4A-11D0-8D11-00A0C91BC942}") = "P3_GridGame", "P3_GridGame\P3_GridGame.vcxproj", "{1E8DC936-F507-4036-AEEB-8F03CEACC9EB}"
EndProject
Project("{8BC9CEB8-8B4A-11D0-8D11-00A0C91BC942}") = "Midterm1A", "Midterm1A\Midterm1A.vcxproj", "{B7757595-D2C1-4754-8995-89F7B368C369}"
EndProject
Project("{8BC9CEB8-8B4A-11D0-8D11-00A0C91BC942}") = "Midterm1B", "Midterm1B\Midterm1B.vcxproj", "{68E89839-DB35-4211-87C3-98BEA91505A3}"
EndProject
Project("{8BC9CEB8-8B4A-11D0-8D11-00A0C91BC942}") = "Midterm1C", "Midterm1C\Midterm1C.vcxproj", "{42AA6A86-C6A7-4B3E-A6DA-38F60C429AB9}"
EndProject
Project("{8BC9CEB8-8B4A-11D0-8D11-00A0C91BC942}") = "P4_ArrayOfSunshine", "P4_ArrayOfSunshine\P4_ArrayOfSunshine.vcxproj", "{D7F12DD6-9B74-4E43-BC5E-6BCE7ED9AD7B}"
EndProject
Global
	GlobalSection(SolutionConfigurationPlatforms) = preSolution
		Debug|x64 = Debug|x64
		Debug|x86 = Debug|x86
		Release|x64 = Release|x64
		Release|x86 = Release|x86
	EndGlobalSection
	GlobalSection(ProjectConfigurationPlatforms) = postSolution
		{D6EBF528-0B8C-42AE-857C-A60D92AA5888}.Debug|x64.ActiveCfg = Debug|x64
		{D6EBF528-0B8C-42AE-857C-A60D92AA5888}.Debug|x64.Build.0 = Debug|x64
		{D6EBF528-0B8C-42AE-857C-A60D92AA5888}.Debug|x86.ActiveCfg = Debug|Win32
		{D6EBF528-0B8C-42AE-857C-A60D92AA5888}.Debug|x86.Build.0 = Debug|Win32
		{D6EBF528-0B8C-42AE-857C-A60D92AA5888}.Release|x64.ActiveCfg = Release|x64
		{D6EBF528-0B8C-42AE-857C-A60D92AA5888}.Release|x64.Build.0 = Release|x64
		{D6EBF528-0B8C-42AE-857C-A60D92AA5888}.Release|x86.ActiveCfg = Release|Win32
		{D6EBF528-0B8C-42AE-857C-A60D92AA5888}.Release|x86.Build.0 = Release|Win32
		{6B35338E-C49E-4BE8-9118-CE2A614B7019}.Debug|x64.ActiveCfg = Debug|x64
		{6B35338E-C49E-4BE8-9118-CE2A614B7019}.Debug|x64.Build.0 = Debug|x64
		{6B35338E-C49E-4BE8-9118-CE2A614B7019}.Debug|x86.ActiveCfg = Debug|Win32
		{6B35338E-C49E-4BE8-9118-CE2A614B7019}.Debug|x86.Build.0 = Debug|Win32
		{6B35338E-C49E-4BE8-9118-CE2A614B7019}.Release|x64.ActiveCfg = Release|x64
		{6B35338E-C49E-4BE8-9118-CE2A614B7019}.Release|x64.Build.0 = Release|x64
		{6B35338E-C49E-4BE8-9118-CE2A614B7019}.Release|x86.ActiveCfg = Release|Win32
		{6B35338E-C49E-4BE8-9118-CE2A614B7019}.Release|x86.Build.0 = Release|Win32
		{3E214310-4E7F-4756-970E-DA0C427AD943}.Debug|x64.ActiveCfg = Debug|x64
		{3E214310-4E7F-4756-970E-DA0C427AD943}.Debug|x64.Build.0 = Debug|x64
		{3E214310-4E7F-4756-970E-DA0C427AD943}.Debug|x86.ActiveCfg = Debug|Win32
		{3E214310-4E7F-4756-970E-DA0C427AD943}.Debug|x86.Build.0 = Debug|Win32
		{3E214310-4E7F-4756-970E-DA0C427AD943}.Release|x64.ActiveCfg = Release|x64
		{3E214310-4E7F-4756-970E-DA0C427AD943}.Release|x64.Build.0 = Release|x64
		{3E214310-4E7F-4756-970E-DA0C427AD943}.Release|x86.ActiveCfg = Release|Win32
		{3E214310-4E7F-4756-970E-DA0C427AD943}.Release|x86.Build.0 = Release|Win32
		{36AB2C3D-E9BF-4FEC-AE59-B8031EC40AFE}.Debug|x64.ActiveCfg = Debug|x64
		{36AB2C3D-E9BF-4FEC-AE59-B8031EC40AFE}.Debug|x64.Build.0 = Debug|x64
		{36AB2C3D-E9BF-4FEC-AE59-B8031EC40AFE}.Debug|x86.ActiveCfg = Debug|Win32
		{36AB2C3D-E9BF-4FEC-AE59-B8031EC40AFE}.Debug|x86.Build.0 = Debug|Win32
		{36AB2C3D-E9BF-4FEC-AE59-B8031EC40AFE}.Release|x64.ActiveCfg = Release|x64
		{36AB2C3D-E9BF-4FEC-AE59-B8031EC40AFE}.Release|x64.Build.0 = Release|x64
		{36AB2C3D-E9BF-4FEC-AE59-B8031EC40AFE}.Release|x86.ActiveCfg = Release|Win32
		{36AB2C3D-E9BF-4FEC-AE59-B8031EC40AFE}.Release|x86.Build.0 = Release|Win32
		{FCE686A8-008D-403B-A5FD-CE9B28EADEC6}.Debug|x64.ActiveCfg = Debug|x64
		{FCE686A8-008D-403B-A5FD-CE9B28EADEC6}.Debug|x64.Build.0 = Debug|x64
		{FCE686A8-008D-403B-A5FD-CE9B28EADEC6}.Debug|x86.ActiveCfg = Debug|Win32
		{FCE686A8-008D-403B-A5FD-CE9B28EADEC6}.Debug|x86.Build.0 = Debug|Win32
		{FCE686A8-008D-403B-A5FD-CE9B28EADEC6}.Release|x64.ActiveCfg = Release|x64
		{FCE686A8-008D-403B-A5FD-CE9B28EADEC6}.Release|x64.Build.0 = Release|x64
		{FCE686A8-008D-403B-A5FD-CE9B28EADEC6}.Release|x86.ActiveCfg = Release|Win32
		{FCE686A8-008D-403B-A5FD-CE9B28EADEC6}.Release|x86.Build.0 = Release|Win32
		{1E8DC936-F507-4036-AEEB-8F03CEACC9EB}.Debug|x64.ActiveCfg = Debug|x64
		{1E8DC936-F507-4036-AEEB-8F03CEACC9EB}.Debug|x64.Build.0 = Debug|x64
		{1E8DC936-F507-4036-AEEB-8F03CEACC9EB}.Debug|x86.ActiveCfg = Debug|Win32
		{1E8DC936-F507-4036-AEEB-8F03CEACC9EB}.Debug|x86.Build.0 = Debug|Win32
		{1E8DC936-F507-4036-AEEB-8F03CEACC9EB}.Release|x64.ActiveCfg = Release|x64
		{1E8DC936-F507-4036-AEEB-8F03CEACC9EB}.Release|x64.Build.0 = Release|x64
		{1E8DC936-F507-4036-AEEB-8F03CEACC9EB}.Release|x86.ActiveCfg = Release|Win32
		{1E8DC936-F507-4036-AEEB-8F03CEACC9EB}.Release|x86.Build.0 = Release|Win32
		{B7757595-D2C1-4754-8995-89F7B368C369}.Debug|x64.ActiveCfg = Debug|x64
		{B7757595-D2C1-4754-8995-89F7B368C369}.Debug|x64.Build.0 = Debug|x64
		{B7757595-D2C1-4754-8995-89F7B368C369}.Debug|x86.ActiveCfg = Debug|Win32
		{B7757595-D2C1-4754-8995-89F7B368C369}.Debug|x86.Build.0 = Debug|Win32
		{B7757595-D2C1-4754-8995-89F7B368C369}.Release|x64.ActiveCfg = Release|x64
		{B7757595-D2C1-4754-8995-89F7B368C369}.Release|x64.Build.0 = Release|x64
		{B7757595-D2C1-4754-8995-89F7B368C369}.Release|x86.ActiveCfg = Release|Win32
		{B7757595-D2C1-4754-8995-89F7B368C369}.Release|x86.Build.0 = Release|Win32
		{68E89839-DB35-4211-87C3-98BEA91505A3}.Debug|x64.ActiveCfg = Debug|x64
		{68E89839-DB35-4211-87C3-98BEA91505A3}.Debug|x64.Build.0 = Debug|x64
		{68E89839-DB35-4211-87C3-98BEA91505A3}.Debug|x86.ActiveCfg = Debug|Win32
		{68E89839-DB35-4211-87C3-98BEA91505A3}.Debug|x86.Build.0 = Debug|Win32
		{68E89839-DB35-4211-87C3-98BEA91505A3}.Release|x64.ActiveCfg = Release|x64
		{68E89839-DB35-4211-87C3-98BEA91505A3}.Release|x64.Build.0 = Release|x64
		{68E89839-DB35-4211-87C3-98BEA91505A3}.Release|x86.ActiveCfg = Release|Win32
		{68E89839-DB35-4211-87C3-98BEA91505A3}.Release|x86.Build.0 = Release|Win32
		{42AA6A86-C6A7-4B3E-A6DA-38F60C429AB9}.Debug|x64.ActiveCfg = Debug|x64
		{42AA6A86-C6A7-4B3E-A6DA-38F60C429AB9}.Debug|x64.Build.0 = Debug|x64
		{42AA6A86-C6A7-4B3E-A6DA-38F60C429AB9}.Debug|x86.ActiveCfg = Debug|Win32
		{42AA6A86-C6A7-4B3E-A6DA-38F60C429AB9}.Debug|x86.Build.0 = Debug|Win32
		{42AA6A86-C6A7-4B3E-A6DA-38F60C429AB9}.Release|x64.ActiveCfg = Release|x64
		{42AA6A86-C6A7-4B3E-A6DA-38F60C429AB9}.Release|x64.Build.0 = Release|x64
		{42AA6A86-C6A7-4B3E-A6DA-38F60C429AB9}.Release|x86.ActiveCfg = Release|Win32
		{42AA6A86-C6A7-4B3E-A6DA-38F60C429AB9}.Release|x86.Build.0 = Release|Win32
		{D7F12DD6-9B74-4E43-BC5E-6BCE7ED9AD7B}.Debug|x64.ActiveCfg = Debug|x64
		{D7F12DD6-9B74-4E43-BC5E-6BCE7ED9AD7B}.Debug|x64.Build.0 = Debug|x64
		{D7F12DD6-9B74-4E43-BC5E-6BCE7ED9AD7B}.Debug|x86.ActiveCfg = Debug|Win32
		{D7F12DD6-9B74-4E43-BC5E-6BCE7ED9AD7B}.Debug|x86.Build.0 = Debug|Win32
		{D7F12DD6-9B74-4E43-BC5E-6BCE7ED9AD7B}.Release|x64.ActiveCfg = Release|x64
		{D7F12DD6-9B74-4E43-BC5E-6BCE7ED9AD7B}.Release|x64.Build.0 = Release|x64
		{D7F12DD6-9B74-4E43-BC5E-6BCE7ED9AD7B}.Release|x86.ActiveCfg = Release|Win32
		{D7F12DD6-9B74-4E43-BC5E-6BCE7ED9AD7B}.Release|x86.Build.0 = Release|Win32
	EndGlobalSection
	GlobalSection(SolutionProperties) = preSolution
		HideSolutionNode = FALSE
	EndGlobalSection
	GlobalSection(ExtensibilityGlobals) = postSolution
		SolutionGuid = {A3D778D1-1521-4830-8C45-35906CE9DEC3}
	EndGlobalSection
EndGlobal
